{
  "originHash" : "247ea828f6a0dbf9c6c37f5fa17ff37b9fc5d909dc4c77153cd9e49345c9f216",
  "pins" : [
    {
      "identity" : "playdatekit",
      "kind" : "remoteSourceControl",
      "location" : "https://source.marquiskurt.net/PDUniverse/PlaydateKit.git",
      "state" : {
        "branch" : "main",
        "revision" : "48819fc6c51231e35b4586bdc4f9b53b7f29556c"
      }
    }
  ],
  "version" : 3
}
