{
  "originHash" : "7db05c93fadf6c9b3b40db095a674aeb89ddda8bdcd2dcf9a789ce78f819ea1f",
  "pins" : [
    {
      "identity" : "playdatekit",
      "kind" : "remoteSourceControl",
      "location" : "https://source.marquiskurt.net/PDUniverse/PlaydateKit.git",
      "state" : {
        "branch" : "main",
        "revision" : "485b25329a2552222d15564ecb68a4eeb3d901b7"
      }
    }
  ],
  "version" : 3
}
