{
  "originHash" : "7db05c93fadf6c9b3b40db095a674aeb89ddda8bdcd2dcf9a789ce78f819ea1f",
  "pins" : [
    {
      "identity" : "playdatekit",
      "kind" : "remoteSourceControl",
      "location" : "https://source.marquiskurt.net/PDUniverse/PlaydateKit.git",
      "state" : {
        "branch" : "main",
        "revision" : "48819fc6c51231e35b4586bdc4f9b53b7f29556c"
      }
    }
  ],
  "version" : 3
}
