{
  "originHash" : "a1bbd8aa8ad907f88d2181040fd00ab076139b295ebebc30d4feee55b636ff7c",
  "pins" : [
    {
      "identity" : "playdatekit",
      "kind" : "remoteSourceControl",
      "location" : "https://source.marquiskurt.net/PDUniverse/PlaydateKit.git",
      "state" : {
        "branch" : "main",
        "revision" : "485b25329a2552222d15564ecb68a4eeb3d901b7"
      }
    }
  ],
  "version" : 3
}
